// !$*UTF8*$!
{
	archiveVersion = 1;
	classes = {
	};
	objectVersion = 55;
	objects = {

/* Begin PBXBuildFile section */
		1A0A1F052767B08C002FD72A /* LoginViewController.swift in Sources */ = {isa = PBXBuildFile; fileRef = 1A0A1F042767B08C002FD72A /* LoginViewController.swift */; };
		1A0BC6BC2767218300C44949 /* TodoDetailViewController.swift in Sources */ = {isa = PBXBuildFile; fileRef = 1A0BC6BB2767218200C44949 /* TodoDetailViewController.swift */; };
		1A22931B276A58A000886C87 /* CheckBox.swift in Sources */ = {isa = PBXBuildFile; fileRef = 1A22931A276A58A000886C87 /* CheckBox.swift */; };
		1A2B4269276566BA00BA91F1 /* AppDelegate.swift in Sources */ = {isa = PBXBuildFile; fileRef = 1A2B4268276566BA00BA91F1 /* AppDelegate.swift */; };
		1A2B426B276566BA00BA91F1 /* SceneDelegate.swift in Sources */ = {isa = PBXBuildFile; fileRef = 1A2B426A276566BA00BA91F1 /* SceneDelegate.swift */; };
		1A2B426D276566BA00BA91F1 /* ViewController.swift in Sources */ = {isa = PBXBuildFile; fileRef = 1A2B426C276566BA00BA91F1 /* ViewController.swift */; };
		1A2B4270276566BA00BA91F1 /* Main.storyboard in Resources */ = {isa = PBXBuildFile; fileRef = 1A2B426E276566BA00BA91F1 /* Main.storyboard */; };
		1A2B4273276566BA00BA91F1 /* TodoSharing.xcdatamodeld in Sources */ = {isa = PBXBuildFile; fileRef = 1A2B4271276566BA00BA91F1 /* TodoSharing.xcdatamodeld */; };
		1A2B4275276566C000BA91F1 /* Assets.xcassets in Resources */ = {isa = PBXBuildFile; fileRef = 1A2B4274276566C000BA91F1 /* Assets.xcassets */; };
		1A2B4278276566C000BA91F1 /* LaunchScreen.storyboard in Resources */ = {isa = PBXBuildFile; fileRef = 1A2B4276276566C000BA91F1 /* LaunchScreen.storyboard */; };
		1A2B4283276566C100BA91F1 /* TodoSharingTests.swift in Sources */ = {isa = PBXBuildFile; fileRef = 1A2B4282276566C100BA91F1 /* TodoSharingTests.swift */; };
		1A2B428D276566C100BA91F1 /* TodoSharingUITests.swift in Sources */ = {isa = PBXBuildFile; fileRef = 1A2B428C276566C100BA91F1 /* TodoSharingUITests.swift */; };
		1A2B428F276566C100BA91F1 /* TodoSharingUITestsLaunchTests.swift in Sources */ = {isa = PBXBuildFile; fileRef = 1A2B428E276566C100BA91F1 /* TodoSharingUITestsLaunchTests.swift */; };
		2F39F4FD59C8BA5346982C67 /* Pods_TodoSharingTests.framework in Frameworks */ = {isa = PBXBuildFile; fileRef = 0614BB88D38B71A176693251 /* Pods_TodoSharingTests.framework */; };
		396E2FB41DDE1A37DC456CBA /* Pods_TodoSharing_TodoSharingUITests.framework in Frameworks */ = {isa = PBXBuildFile; fileRef = 590DD51683CA45C767A76C28 /* Pods_TodoSharing_TodoSharingUITests.framework */; };
		956EA0AF456766C51CA8C675 /* Pods_TodoSharing.framework in Frameworks */ = {isa = PBXBuildFile; fileRef = 82A27E389EB58C46E500D98D /* Pods_TodoSharing.framework */; };
/* End PBXBuildFile section */

/* Begin PBXContainerItemProxy section */
		1A2B427F276566C100BA91F1 /* PBXContainerItemProxy */ = {
			isa = PBXContainerItemProxy;
			containerPortal = 1A2B425D276566B900BA91F1 /* Project object */;
			proxyType = 1;
			remoteGlobalIDString = 1A2B4264276566BA00BA91F1;
			remoteInfo = TodoSharing;
		};
		1A2B4289276566C100BA91F1 /* PBXContainerItemProxy */ = {
			isa = PBXContainerItemProxy;
			containerPortal = 1A2B425D276566B900BA91F1 /* Project object */;
			proxyType = 1;
			remoteGlobalIDString = 1A2B4264276566BA00BA91F1;
			remoteInfo = TodoSharing;
		};
/* End PBXContainerItemProxy section */

/* Begin PBXFileReference section */
		0614BB88D38B71A176693251 /* Pods_TodoSharingTests.framework */ = {isa = PBXFileReference; explicitFileType = wrapper.framework; includeInIndex = 0; path = Pods_TodoSharingTests.framework; sourceTree = BUILT_PRODUCTS_DIR; };
		1A0A1F042767B08C002FD72A /* LoginViewController.swift */ = {isa = PBXFileReference; lastKnownFileType = sourcecode.swift; path = LoginViewController.swift; sourceTree = "<group>"; };
		1A0BC6BB2767218200C44949 /* TodoDetailViewController.swift */ = {isa = PBXFileReference; lastKnownFileType = sourcecode.swift; path = TodoDetailViewController.swift; sourceTree = "<group>"; };
		1A22931A276A58A000886C87 /* CheckBox.swift */ = {isa = PBXFileReference; lastKnownFileType = sourcecode.swift; path = CheckBox.swift; sourceTree = "<group>"; };
		1A2B4265276566BA00BA91F1 /* TodoSharing.app */ = {isa = PBXFileReference; explicitFileType = wrapper.application; includeInIndex = 0; path = TodoSharing.app; sourceTree = BUILT_PRODUCTS_DIR; };
		1A2B4268276566BA00BA91F1 /* AppDelegate.swift */ = {isa = PBXFileReference; lastKnownFileType = sourcecode.swift; path = AppDelegate.swift; sourceTree = "<group>"; };
		1A2B426A276566BA00BA91F1 /* SceneDelegate.swift */ = {isa = PBXFileReference; lastKnownFileType = sourcecode.swift; path = SceneDelegate.swift; sourceTree = "<group>"; };
		1A2B426C276566BA00BA91F1 /* ViewController.swift */ = {isa = PBXFileReference; lastKnownFileType = sourcecode.swift; path = ViewController.swift; sourceTree = "<group>"; };
		1A2B426F276566BA00BA91F1 /* Base */ = {isa = PBXFileReference; lastKnownFileType = file.storyboard; name = Base; path = Base.lproj/Main.storyboard; sourceTree = "<group>"; };
		1A2B4272276566BA00BA91F1 /* TodoSharing.xcdatamodel */ = {isa = PBXFileReference; lastKnownFileType = wrapper.xcdatamodel; path = TodoSharing.xcdatamodel; sourceTree = "<group>"; };
		1A2B4274276566C000BA91F1 /* Assets.xcassets */ = {isa = PBXFileReference; lastKnownFileType = folder.assetcatalog; path = Assets.xcassets; sourceTree = "<group>"; };
		1A2B4277276566C000BA91F1 /* Base */ = {isa = PBXFileReference; lastKnownFileType = file.storyboard; name = Base; path = Base.lproj/LaunchScreen.storyboard; sourceTree = "<group>"; };
		1A2B4279276566C000BA91F1 /* Info.plist */ = {isa = PBXFileReference; lastKnownFileType = text.plist.xml; path = Info.plist; sourceTree = "<group>"; };
		1A2B427E276566C100BA91F1 /* TodoSharingTests.xctest */ = {isa = PBXFileReference; explicitFileType = wrapper.cfbundle; includeInIndex = 0; path = TodoSharingTests.xctest; sourceTree = BUILT_PRODUCTS_DIR; };
		1A2B4282276566C100BA91F1 /* TodoSharingTests.swift */ = {isa = PBXFileReference; lastKnownFileType = sourcecode.swift; path = TodoSharingTests.swift; sourceTree = "<group>"; };
		1A2B4288276566C100BA91F1 /* TodoSharingUITests.xctest */ = {isa = PBXFileReference; explicitFileType = wrapper.cfbundle; includeInIndex = 0; path = TodoSharingUITests.xctest; sourceTree = BUILT_PRODUCTS_DIR; };
		1A2B428C276566C100BA91F1 /* TodoSharingUITests.swift */ = {isa = PBXFileReference; lastKnownFileType = sourcecode.swift; path = TodoSharingUITests.swift; sourceTree = "<group>"; };
		1A2B428E276566C100BA91F1 /* TodoSharingUITestsLaunchTests.swift */ = {isa = PBXFileReference; lastKnownFileType = sourcecode.swift; path = TodoSharingUITestsLaunchTests.swift; sourceTree = "<group>"; };
		1CD2D6492D5E8FEB39E6FBBC /* Pods-TodoSharing-TodoSharingUITests.release.xcconfig */ = {isa = PBXFileReference; includeInIndex = 1; lastKnownFileType = text.xcconfig; name = "Pods-TodoSharing-TodoSharingUITests.release.xcconfig"; path = "Target Support Files/Pods-TodoSharing-TodoSharingUITests/Pods-TodoSharing-TodoSharingUITests.release.xcconfig"; sourceTree = "<group>"; };
		201AF98008F0EA0EA9FDF40B /* Pods-TodoSharing.debug.xcconfig */ = {isa = PBXFileReference; includeInIndex = 1; lastKnownFileType = text.xcconfig; name = "Pods-TodoSharing.debug.xcconfig"; path = "Target Support Files/Pods-TodoSharing/Pods-TodoSharing.debug.xcconfig"; sourceTree = "<group>"; };
		3297D4D8F7A0A350C4B72576 /* Pods-TodoSharingTests.debug.xcconfig */ = {isa = PBXFileReference; includeInIndex = 1; lastKnownFileType = text.xcconfig; name = "Pods-TodoSharingTests.debug.xcconfig"; path = "Target Support Files/Pods-TodoSharingTests/Pods-TodoSharingTests.debug.xcconfig"; sourceTree = "<group>"; };
		34760E56978AC65312C800C1 /* Pods-TodoSharing.release.xcconfig */ = {isa = PBXFileReference; includeInIndex = 1; lastKnownFileType = text.xcconfig; name = "Pods-TodoSharing.release.xcconfig"; path = "Target Support Files/Pods-TodoSharing/Pods-TodoSharing.release.xcconfig"; sourceTree = "<group>"; };
		590DD51683CA45C767A76C28 /* Pods_TodoSharing_TodoSharingUITests.framework */ = {isa = PBXFileReference; explicitFileType = wrapper.framework; includeInIndex = 0; path = Pods_TodoSharing_TodoSharingUITests.framework; sourceTree = BUILT_PRODUCTS_DIR; };
		82A27E389EB58C46E500D98D /* Pods_TodoSharing.framework */ = {isa = PBXFileReference; explicitFileType = wrapper.framework; includeInIndex = 0; path = Pods_TodoSharing.framework; sourceTree = BUILT_PRODUCTS_DIR; };
		B96D8594A508F1558735AAD7 /* Pods-TodoSharing-TodoSharingUITests.debug.xcconfig */ = {isa = PBXFileReference; includeInIndex = 1; lastKnownFileType = text.xcconfig; name = "Pods-TodoSharing-TodoSharingUITests.debug.xcconfig"; path = "Target Support Files/Pods-TodoSharing-TodoSharingUITests/Pods-TodoSharing-TodoSharingUITests.debug.xcconfig"; sourceTree = "<group>"; };
		F53FEB7453928537828621DF /* Pods-TodoSharingTests.release.xcconfig */ = {isa = PBXFileReference; includeInIndex = 1; lastKnownFileType = text.xcconfig; name = "Pods-TodoSharingTests.release.xcconfig"; path = "Target Support Files/Pods-TodoSharingTests/Pods-TodoSharingTests.release.xcconfig"; sourceTree = "<group>"; };
/* End PBXFileReference section */

/* Begin PBXFrameworksBuildPhase section */
		1A2B4262276566BA00BA91F1 /* Frameworks */ = {
			isa = PBXFrameworksBuildPhase;
			buildActionMask = 2147483647;
			files = (
				956EA0AF456766C51CA8C675 /* Pods_TodoSharing.framework in Frameworks */,
			);
			runOnlyForDeploymentPostprocessing = 0;
		};
		1A2B427B276566C100BA91F1 /* Frameworks */ = {
			isa = PBXFrameworksBuildPhase;
			buildActionMask = 2147483647;
			files = (
				2F39F4FD59C8BA5346982C67 /* Pods_TodoSharingTests.framework in Frameworks */,
			);
			runOnlyForDeploymentPostprocessing = 0;
		};
		1A2B4285276566C100BA91F1 /* Frameworks */ = {
			isa = PBXFrameworksBuildPhase;
			buildActionMask = 2147483647;
			files = (
				396E2FB41DDE1A37DC456CBA /* Pods_TodoSharing_TodoSharingUITests.framework in Frameworks */,
			);
			runOnlyForDeploymentPostprocessing = 0;
		};
/* End PBXFrameworksBuildPhase section */

/* Begin PBXGroup section */
		1A2B425C276566B900BA91F1 = {
			isa = PBXGroup;
			children = (
				1A2B4267276566BA00BA91F1 /* TodoSharing */,
				1A2B4281276566C100BA91F1 /* TodoSharingTests */,
				1A2B428B276566C100BA91F1 /* TodoSharingUITests */,
				1A2B4266276566BA00BA91F1 /* Products */,
				435BEA490F48C33F670FA058 /* Pods */,
				2D4CEFF3F44EAE18CB10DA30 /* Frameworks */,
			);
			sourceTree = "<group>";
		};
		1A2B4266276566BA00BA91F1 /* Products */ = {
			isa = PBXGroup;
			children = (
				1A2B4265276566BA00BA91F1 /* TodoSharing.app */,
				1A2B427E276566C100BA91F1 /* TodoSharingTests.xctest */,
				1A2B4288276566C100BA91F1 /* TodoSharingUITests.xctest */,
			);
			name = Products;
			sourceTree = "<group>";
		};
		1A2B4267276566BA00BA91F1 /* TodoSharing */ = {
			isa = PBXGroup;
			children = (
				1A2B4268276566BA00BA91F1 /* AppDelegate.swift */,
				1A2B426A276566BA00BA91F1 /* SceneDelegate.swift */,
				1A2B426C276566BA00BA91F1 /* ViewController.swift */,
				1A2B426E276566BA00BA91F1 /* Main.storyboard */,
				1A2B4274276566C000BA91F1 /* Assets.xcassets */,
				1A2B4276276566C000BA91F1 /* LaunchScreen.storyboard */,
				1A2B4279276566C000BA91F1 /* Info.plist */,
				1A2B4271276566BA00BA91F1 /* TodoSharing.xcdatamodeld */,
				1A0BC6BB2767218200C44949 /* TodoDetailViewController.swift */,
				1A0A1F042767B08C002FD72A /* LoginViewController.swift */,
				1A22931A276A58A000886C87 /* CheckBox.swift */,
			);
			path = TodoSharing;
			sourceTree = "<group>";
		};
		1A2B4281276566C100BA91F1 /* TodoSharingTests */ = {
			isa = PBXGroup;
			children = (
				1A2B4282276566C100BA91F1 /* TodoSharingTests.swift */,
			);
			path = TodoSharingTests;
			sourceTree = "<group>";
		};
		1A2B428B276566C100BA91F1 /* TodoSharingUITests */ = {
			isa = PBXGroup;
			children = (
				1A2B428C276566C100BA91F1 /* TodoSharingUITests.swift */,
				1A2B428E276566C100BA91F1 /* TodoSharingUITestsLaunchTests.swift */,
			);
			path = TodoSharingUITests;
			sourceTree = "<group>";
		};
		2D4CEFF3F44EAE18CB10DA30 /* Frameworks */ = {
			isa = PBXGroup;
			children = (
				82A27E389EB58C46E500D98D /* Pods_TodoSharing.framework */,
				590DD51683CA45C767A76C28 /* Pods_TodoSharing_TodoSharingUITests.framework */,
				0614BB88D38B71A176693251 /* Pods_TodoSharingTests.framework */,
			);
			name = Frameworks;
			sourceTree = "<group>";
		};
		435BEA490F48C33F670FA058 /* Pods */ = {
			isa = PBXGroup;
			children = (
				201AF98008F0EA0EA9FDF40B /* Pods-TodoSharing.debug.xcconfig */,
				34760E56978AC65312C800C1 /* Pods-TodoSharing.release.xcconfig */,
				B96D8594A508F1558735AAD7 /* Pods-TodoSharing-TodoSharingUITests.debug.xcconfig */,
				1CD2D6492D5E8FEB39E6FBBC /* Pods-TodoSharing-TodoSharingUITests.release.xcconfig */,
				3297D4D8F7A0A350C4B72576 /* Pods-TodoSharingTests.debug.xcconfig */,
				F53FEB7453928537828621DF /* Pods-TodoSharingTests.release.xcconfig */,
			);
			path = Pods;
			sourceTree = "<group>";
		};
/* End PBXGroup section */

/* Begin PBXNativeTarget section */
		1A2B4264276566BA00BA91F1 /* TodoSharing */ = {
			isa = PBXNativeTarget;
			buildConfigurationList = 1A2B4292276566C100BA91F1 /* Build configuration list for PBXNativeTarget "TodoSharing" */;
			buildPhases = (
				9A5F06B2F530113ED3640E90 /* [CP] Check Pods Manifest.lock */,
				1A2B4261276566BA00BA91F1 /* Sources */,
				1A2B4262276566BA00BA91F1 /* Frameworks */,
				1A2B4263276566BA00BA91F1 /* Resources */,
				D612F7A40579556AE279D14A /* [CP] Embed Pods Frameworks */,
			);
			buildRules = (
			);
			dependencies = (
			);
			name = TodoSharing;
			productName = TodoSharing;
			productReference = 1A2B4265276566BA00BA91F1 /* TodoSharing.app */;
			productType = "com.apple.product-type.application";
		};
		1A2B427D276566C100BA91F1 /* TodoSharingTests */ = {
			isa = PBXNativeTarget;
			buildConfigurationList = 1A2B4295276566C100BA91F1 /* Build configuration list for PBXNativeTarget "TodoSharingTests" */;
			buildPhases = (
				9863DB4DB6EDFE7076219FAB /* [CP] Check Pods Manifest.lock */,
				1A2B427A276566C100BA91F1 /* Sources */,
				1A2B427B276566C100BA91F1 /* Frameworks */,
				1A2B427C276566C100BA91F1 /* Resources */,
			);
			buildRules = (
			);
			dependencies = (
				1A2B4280276566C100BA91F1 /* PBXTargetDependency */,
			);
			name = TodoSharingTests;
			productName = TodoSharingTests;
			productReference = 1A2B427E276566C100BA91F1 /* TodoSharingTests.xctest */;
			productType = "com.apple.product-type.bundle.unit-test";
		};
		1A2B4287276566C100BA91F1 /* TodoSharingUITests */ = {
			isa = PBXNativeTarget;
			buildConfigurationList = 1A2B4298276566C100BA91F1 /* Build configuration list for PBXNativeTarget "TodoSharingUITests" */;
			buildPhases = (
				A683F99D492D18B5D95F585B /* [CP] Check Pods Manifest.lock */,
				1A2B4284276566C100BA91F1 /* Sources */,
				1A2B4285276566C100BA91F1 /* Frameworks */,
				1A2B4286276566C100BA91F1 /* Resources */,
				B19CCAC7D0FFE70751665F76 /* [CP] Embed Pods Frameworks */,
			);
			buildRules = (
			);
			dependencies = (
				1A2B428A276566C100BA91F1 /* PBXTargetDependency */,
			);
			name = TodoSharingUITests;
			productName = TodoSharingUITests;
			productReference = 1A2B4288276566C100BA91F1 /* TodoSharingUITests.xctest */;
			productType = "com.apple.product-type.bundle.ui-testing";
		};
/* End PBXNativeTarget section */

/* Begin PBXProject section */
		1A2B425D276566B900BA91F1 /* Project object */ = {
			isa = PBXProject;
			attributes = {
				BuildIndependentTargetsInParallel = 1;
				LastSwiftUpdateCheck = 1310;
				LastUpgradeCheck = 1310;
				TargetAttributes = {
					1A2B4264276566BA00BA91F1 = {
						CreatedOnToolsVersion = 13.1;
					};
					1A2B427D276566C100BA91F1 = {
						CreatedOnToolsVersion = 13.1;
						TestTargetID = 1A2B4264276566BA00BA91F1;
					};
					1A2B4287276566C100BA91F1 = {
						CreatedOnToolsVersion = 13.1;
						TestTargetID = 1A2B4264276566BA00BA91F1;
					};
				};
			};
			buildConfigurationList = 1A2B4260276566BA00BA91F1 /* Build configuration list for PBXProject "TodoSharing" */;
			compatibilityVersion = "Xcode 13.0";
			developmentRegion = en;
			hasScannedForEncodings = 0;
			knownRegions = (
				en,
				Base,
			);
			mainGroup = 1A2B425C276566B900BA91F1;
			productRefGroup = 1A2B4266276566BA00BA91F1 /* Products */;
			projectDirPath = "";
			projectRoot = "";
			targets = (
				1A2B4264276566BA00BA91F1 /* TodoSharing */,
				1A2B427D276566C100BA91F1 /* TodoSharingTests */,
				1A2B4287276566C100BA91F1 /* TodoSharingUITests */,
			);
		};
/* End PBXProject section */

/* Begin PBXResourcesBuildPhase section */
		1A2B4263276566BA00BA91F1 /* Resources */ = {
			isa = PBXResourcesBuildPhase;
			buildActionMask = 2147483647;
			files = (
				1A2B4278276566C000BA91F1 /* LaunchScreen.storyboard in Resources */,
				1A2B4275276566C000BA91F1 /* Assets.xcassets in Resources */,
				1A2B4270276566BA00BA91F1 /* Main.storyboard in Resources */,
			);
			runOnlyForDeploymentPostprocessing = 0;
		};
		1A2B427C276566C100BA91F1 /* Resources */ = {
			isa = PBXResourcesBuildPhase;
			buildActionMask = 2147483647;
			files = (
			);
			runOnlyForDeploymentPostprocessing = 0;
		};
		1A2B4286276566C100BA91F1 /* Resources */ = {
			isa = PBXResourcesBuildPhase;
			buildActionMask = 2147483647;
			files = (
			);
			runOnlyForDeploymentPostprocessing = 0;
		};
/* End PBXResourcesBuildPhase section */

/* Begin PBXShellScriptBuildPhase section */
		9863DB4DB6EDFE7076219FAB /* [CP] Check Pods Manifest.lock */ = {
			isa = PBXShellScriptBuildPhase;
			buildActionMask = 2147483647;
			files = (
			);
			inputFileListPaths = (
			);
			inputPaths = (
				"${PODS_PODFILE_DIR_PATH}/Podfile.lock",
				"${PODS_ROOT}/Manifest.lock",
			);
			name = "[CP] Check Pods Manifest.lock";
			outputFileListPaths = (
			);
			outputPaths = (
				"$(DERIVED_FILE_DIR)/Pods-TodoSharingTests-checkManifestLockResult.txt",
			);
			runOnlyForDeploymentPostprocessing = 0;
			shellPath = /bin/sh;
			shellScript = "diff \"${PODS_PODFILE_DIR_PATH}/Podfile.lock\" \"${PODS_ROOT}/Manifest.lock\" > /dev/null\nif [ $? != 0 ] ; then\n    # print error to STDERR\n    echo \"error: The sandbox is not in sync with the Podfile.lock. Run 'pod install' or update your CocoaPods installation.\" >&2\n    exit 1\nfi\n# This output is used by Xcode 'outputs' to avoid re-running this script phase.\necho \"SUCCESS\" > \"${SCRIPT_OUTPUT_FILE_0}\"\n";
			showEnvVarsInLog = 0;
		};
		9A5F06B2F530113ED3640E90 /* [CP] Check Pods Manifest.lock */ = {
			isa = PBXShellScriptBuildPhase;
			buildActionMask = 2147483647;
			files = (
			);
			inputFileListPaths = (
			);
			inputPaths = (
				"${PODS_PODFILE_DIR_PATH}/Podfile.lock",
				"${PODS_ROOT}/Manifest.lock",
			);
			name = "[CP] Check Pods Manifest.lock";
			outputFileListPaths = (
			);
			outputPaths = (
				"$(DERIVED_FILE_DIR)/Pods-TodoSharing-checkManifestLockResult.txt",
			);
			runOnlyForDeploymentPostprocessing = 0;
			shellPath = /bin/sh;
			shellScript = "diff \"${PODS_PODFILE_DIR_PATH}/Podfile.lock\" \"${PODS_ROOT}/Manifest.lock\" > /dev/null\nif [ $? != 0 ] ; then\n    # print error to STDERR\n    echo \"error: The sandbox is not in sync with the Podfile.lock. Run 'pod install' or update your CocoaPods installation.\" >&2\n    exit 1\nfi\n# This output is used by Xcode 'outputs' to avoid re-running this script phase.\necho \"SUCCESS\" > \"${SCRIPT_OUTPUT_FILE_0}\"\n";
			showEnvVarsInLog = 0;
		};
		A683F99D492D18B5D95F585B /* [CP] Check Pods Manifest.lock */ = {
			isa = PBXShellScriptBuildPhase;
			buildActionMask = 2147483647;
			files = (
			);
			inputFileListPaths = (
			);
			inputPaths = (
				"${PODS_PODFILE_DIR_PATH}/Podfile.lock",
				"${PODS_ROOT}/Manifest.lock",
			);
			name = "[CP] Check Pods Manifest.lock";
			outputFileListPaths = (
			);
			outputPaths = (
				"$(DERIVED_FILE_DIR)/Pods-TodoSharing-TodoSharingUITests-checkManifestLockResult.txt",
			);
			runOnlyForDeploymentPostprocessing = 0;
			shellPath = /bin/sh;
			shellScript = "diff \"${PODS_PODFILE_DIR_PATH}/Podfile.lock\" \"${PODS_ROOT}/Manifest.lock\" > /dev/null\nif [ $? != 0 ] ; then\n    # print error to STDERR\n    echo \"error: The sandbox is not in sync with the Podfile.lock. Run 'pod install' or update your CocoaPods installation.\" >&2\n    exit 1\nfi\n# This output is used by Xcode 'outputs' to avoid re-running this script phase.\necho \"SUCCESS\" > \"${SCRIPT_OUTPUT_FILE_0}\"\n";
			showEnvVarsInLog = 0;
		};
		B19CCAC7D0FFE70751665F76 /* [CP] Embed Pods Frameworks */ = {
			isa = PBXShellScriptBuildPhase;
			buildActionMask = 2147483647;
			files = (
			);
			inputFileListPaths = (
				"${PODS_ROOT}/Target Support Files/Pods-TodoSharing-TodoSharingUITests/Pods-TodoSharing-TodoSharingUITests-frameworks-${CONFIGURATION}-input-files.xcfilelist",
			);
			name = "[CP] Embed Pods Frameworks";
			outputFileListPaths = (
				"${PODS_ROOT}/Target Support Files/Pods-TodoSharing-TodoSharingUITests/Pods-TodoSharing-TodoSharingUITests-frameworks-${CONFIGURATION}-output-files.xcfilelist",
			);
			runOnlyForDeploymentPostprocessing = 0;
			shellPath = /bin/sh;
			shellScript = "\"${PODS_ROOT}/Target Support Files/Pods-TodoSharing-TodoSharingUITests/Pods-TodoSharing-TodoSharingUITests-frameworks.sh\"\n";
			showEnvVarsInLog = 0;
		};
		D612F7A40579556AE279D14A /* [CP] Embed Pods Frameworks */ = {
			isa = PBXShellScriptBuildPhase;
			buildActionMask = 2147483647;
			files = (
			);
			inputFileListPaths = (
				"${PODS_ROOT}/Target Support Files/Pods-TodoSharing/Pods-TodoSharing-frameworks-${CONFIGURATION}-input-files.xcfilelist",
			);
			name = "[CP] Embed Pods Frameworks";
			outputFileListPaths = (
				"${PODS_ROOT}/Target Support Files/Pods-TodoSharing/Pods-TodoSharing-frameworks-${CONFIGURATION}-output-files.xcfilelist",
			);
			runOnlyForDeploymentPostprocessing = 0;
			shellPath = /bin/sh;
			shellScript = "\"${PODS_ROOT}/Target Support Files/Pods-TodoSharing/Pods-TodoSharing-frameworks.sh\"\n";
			showEnvVarsInLog = 0;
		};
/* End PBXShellScriptBuildPhase section */

/* Begin PBXSourcesBuildPhase section */
		1A2B4261276566BA00BA91F1 /* Sources */ = {
			isa = PBXSourcesBuildPhase;
			buildActionMask = 2147483647;
			files = (
				1A0A1F052767B08C002FD72A /* LoginViewController.swift in Sources */,
				1A2B426D276566BA00BA91F1 /* ViewController.swift in Sources */,
				1A0BC6BC2767218300C44949 /* TodoDetailViewController.swift in Sources */,
				1A22931B276A58A000886C87 /* CheckBox.swift in Sources */,
				1A2B4269276566BA00BA91F1 /* AppDelegate.swift in Sources */,
				1A2B4273276566BA00BA91F1 /* TodoSharing.xcdatamodeld in Sources */,
				1A2B426B276566BA00BA91F1 /* SceneDelegate.swift in Sources */,
			);
			runOnlyForDeploymentPostprocessing = 0;
		};
		1A2B427A276566C100BA91F1 /* Sources */ = {
			isa = PBXSourcesBuildPhase;
			buildActionMask = 2147483647;
			files = (
				1A2B4283276566C100BA91F1 /* TodoSharingTests.swift in Sources */,
			);
			runOnlyForDeploymentPostprocessing = 0;
		};
		1A2B4284276566C100BA91F1 /* Sources */ = {
			isa = PBXSourcesBuildPhase;
			buildActionMask = 2147483647;
			files = (
				1A2B428D276566C100BA91F1 /* TodoSharingUITests.swift in Sources */,
				1A2B428F276566C100BA91F1 /* TodoSharingUITestsLaunchTests.swift in Sources */,
			);
			runOnlyForDeploymentPostprocessing = 0;
		};
/* End PBXSourcesBuildPhase section */

/* Begin PBXTargetDependency section */
		1A2B4280276566C100BA91F1 /* PBXTargetDependency */ = {
			isa = PBXTargetDependency;
			target = 1A2B4264276566BA00BA91F1 /* TodoSharing */;
			targetProxy = 1A2B427F276566C100BA91F1 /* PBXContainerItemProxy */;
		};
		1A2B428A276566C100BA91F1 /* PBXTargetDependency */ = {
			isa = PBXTargetDependency;
			target = 1A2B4264276566BA00BA91F1 /* TodoSharing */;
			targetProxy = 1A2B4289276566C100BA91F1 /* PBXContainerItemProxy */;
		};
/* End PBXTargetDependency section */

/* Begin PBXVariantGroup section */
		1A2B426E276566BA00BA91F1 /* Main.storyboard */ = {
			isa = PBXVariantGroup;
			children = (
				1A2B426F276566BA00BA91F1 /* Base */,
			);
			name = Main.storyboard;
			sourceTree = "<group>";
		};
		1A2B4276276566C000BA91F1 /* LaunchScreen.storyboard */ = {
			isa = PBXVariantGroup;
			children = (
				1A2B4277276566C000BA91F1 /* Base */,
			);
			name = LaunchScreen.storyboard;
			sourceTree = "<group>";
		};
/* End PBXVariantGroup section */

/* Begin XCBuildConfiguration section */
		1A2B4290276566C100BA91F1 /* Debug */ = {
			isa = XCBuildConfiguration;
			buildSettings = {
				ALWAYS_SEARCH_USER_PATHS = NO;
				CLANG_ANALYZER_NONNULL = YES;
				CLANG_ANALYZER_NUMBER_OBJECT_CONVERSION = YES_AGGRESSIVE;
				CLANG_CXX_LANGUAGE_STANDARD = "gnu++17";
				CLANG_CXX_LIBRARY = "libc++";
				CLANG_ENABLE_MODULES = YES;
				CLANG_ENABLE_OBJC_ARC = YES;
				CLANG_ENABLE_OBJC_WEAK = YES;
				CLANG_WARN_BLOCK_CAPTURE_AUTORELEASING = YES;
				CLANG_WARN_BOOL_CONVERSION = YES;
				CLANG_WARN_COMMA = YES;
				CLANG_WARN_CONSTANT_CONVERSION = YES;
				CLANG_WARN_DEPRECATED_OBJC_IMPLEMENTATIONS = YES;
				CLANG_WARN_DIRECT_OBJC_ISA_USAGE = YES_ERROR;
				CLANG_WARN_DOCUMENTATION_COMMENTS = YES;
				CLANG_WARN_EMPTY_BODY = YES;
				CLANG_WARN_ENUM_CONVERSION = YES;
				CLANG_WARN_INFINITE_RECURSION = YES;
				CLANG_WARN_INT_CONVERSION = YES;
				CLANG_WARN_NON_LITERAL_NULL_CONVERSION = YES;
				CLANG_WARN_OBJC_IMPLICIT_RETAIN_SELF = YES;
				CLANG_WARN_OBJC_LITERAL_CONVERSION = YES;
				CLANG_WARN_OBJC_ROOT_CLASS = YES_ERROR;
				CLANG_WARN_QUOTED_INCLUDE_IN_FRAMEWORK_HEADER = YES;
				CLANG_WARN_RANGE_LOOP_ANALYSIS = YES;
				CLANG_WARN_STRICT_PROTOTYPES = YES;
				CLANG_WARN_SUSPICIOUS_MOVE = YES;
				CLANG_WARN_UNGUARDED_AVAILABILITY = YES_AGGRESSIVE;
				CLANG_WARN_UNREACHABLE_CODE = YES;
				CLANG_WARN__DUPLICATE_METHOD_MATCH = YES;
				COPY_PHASE_STRIP = NO;
				DEBUG_INFORMATION_FORMAT = dwarf;
				ENABLE_STRICT_OBJC_MSGSEND = YES;
				ENABLE_TESTABILITY = YES;
				GCC_C_LANGUAGE_STANDARD = gnu11;
				GCC_DYNAMIC_NO_PIC = NO;
				GCC_NO_COMMON_BLOCKS = YES;
				GCC_OPTIMIZATION_LEVEL = 0;
				GCC_PREPROCESSOR_DEFINITIONS = (
					"DEBUG=1",
					"$(inherited)",
				);
				GCC_WARN_64_TO_32_BIT_CONVERSION = YES;
				GCC_WARN_ABOUT_RETURN_TYPE = YES_ERROR;
				GCC_WARN_UNDECLARED_SELECTOR = YES;
				GCC_WARN_UNINITIALIZED_AUTOS = YES_AGGRESSIVE;
				GCC_WARN_UNUSED_FUNCTION = YES;
				GCC_WARN_UNUSED_VARIABLE = YES;
				IPHONEOS_DEPLOYMENT_TARGET = 15.0;
				MTL_ENABLE_DEBUG_INFO = INCLUDE_SOURCE;
				MTL_FAST_MATH = YES;
				ONLY_ACTIVE_ARCH = YES;
				SDKROOT = iphoneos;
				SWIFT_ACTIVE_COMPILATION_CONDITIONS = DEBUG;
				SWIFT_OPTIMIZATION_LEVEL = "-Onone";
			};
			name = Debug;
		};
		1A2B4291276566C100BA91F1 /* Release */ = {
			isa = XCBuildConfiguration;
			buildSettings = {
				ALWAYS_SEARCH_USER_PATHS = NO;
				CLANG_ANALYZER_NONNULL = YES;
				CLANG_ANALYZER_NUMBER_OBJECT_CONVERSION = YES_AGGRESSIVE;
				CLANG_CXX_LANGUAGE_STANDARD = "gnu++17";
				CLANG_CXX_LIBRARY = "libc++";
				CLANG_ENABLE_MODULES = YES;
				CLANG_ENABLE_OBJC_ARC = YES;
				CLANG_ENABLE_OBJC_WEAK = YES;
				CLANG_WARN_BLOCK_CAPTURE_AUTORELEASING = YES;
				CLANG_WARN_BOOL_CONVERSION = YES;
				CLANG_WARN_COMMA = YES;
				CLANG_WARN_CONSTANT_CONVERSION = YES;
				CLANG_WARN_DEPRECATED_OBJC_IMPLEMENTATIONS = YES;
				CLANG_WARN_DIRECT_OBJC_ISA_USAGE = YES_ERROR;
				CLANG_WARN_DOCUMENTATION_COMMENTS = YES;
				CLANG_WARN_EMPTY_BODY = YES;
				CLANG_WARN_ENUM_CONVERSION = YES;
				CLANG_WARN_INFINITE_RECURSION = YES;
				CLANG_WARN_INT_CONVERSION = YES;
				CLANG_WARN_NON_LITERAL_NULL_CONVERSION = YES;
				CLANG_WARN_OBJC_IMPLICIT_RETAIN_SELF = YES;
				CLANG_WARN_OBJC_LITERAL_CONVERSION = YES;
				CLANG_WARN_OBJC_ROOT_CLASS = YES_ERROR;
				CLANG_WARN_QUOTED_INCLUDE_IN_FRAMEWORK_HEADER = YES;
				CLANG_WARN_RANGE_LOOP_ANALYSIS = YES;
				CLANG_WARN_STRICT_PROTOTYPES = YES;
				CLANG_WARN_SUSPICIOUS_MOVE = YES;
				CLANG_WARN_UNGUARDED_AVAILABILITY = YES_AGGRESSIVE;
				CLANG_WARN_UNREACHABLE_CODE = YES;
				CLANG_WARN__DUPLICATE_METHOD_MATCH = YES;
				COPY_PHASE_STRIP = NO;
				DEBUG_INFORMATION_FORMAT = "dwarf-with-dsym";
				ENABLE_NS_ASSERTIONS = NO;
				ENABLE_STRICT_OBJC_MSGSEND = YES;
				GCC_C_LANGUAGE_STANDARD = gnu11;
				GCC_NO_COMMON_BLOCKS = YES;
				GCC_WARN_64_TO_32_BIT_CONVERSION = YES;
				GCC_WARN_ABOUT_RETURN_TYPE = YES_ERROR;
				GCC_WARN_UNDECLARED_SELECTOR = YES;
				GCC_WARN_UNINITIALIZED_AUTOS = YES_AGGRESSIVE;
				GCC_WARN_UNUSED_FUNCTION = YES;
				GCC_WARN_UNUSED_VARIABLE = YES;
				IPHONEOS_DEPLOYMENT_TARGET = 15.0;
				MTL_ENABLE_DEBUG_INFO = NO;
				MTL_FAST_MATH = YES;
				SDKROOT = iphoneos;
				SWIFT_COMPILATION_MODE = wholemodule;
				SWIFT_OPTIMIZATION_LEVEL = "-O";
				VALIDATE_PRODUCT = YES;
			};
			name = Release;
		};
		1A2B4293276566C100BA91F1 /* Debug */ = {
			isa = XCBuildConfiguration;
			baseConfigurationReference = 201AF98008F0EA0EA9FDF40B /* Pods-TodoSharing.debug.xcconfig */;
			buildSettings = {
				ASSETCATALOG_COMPILER_APPICON_NAME = AppIcon;
				ASSETCATALOG_COMPILER_GLOBAL_ACCENT_COLOR_NAME = AccentColor;
				CODE_SIGN_STYLE = Automatic;
				CURRENT_PROJECT_VERSION = 1;
				DEVELOPMENT_TEAM = ATXD4M2CY3;
				GENERATE_INFOPLIST_FILE = YES;
				INFOPLIST_FILE = TodoSharing/Info.plist;
				INFOPLIST_KEY_UIApplicationSupportsIndirectInputEvents = YES;
				INFOPLIST_KEY_UILaunchStoryboardName = LaunchScreen;
				INFOPLIST_KEY_UIMainStoryboardFile = Main;
				INFOPLIST_KEY_UISupportedInterfaceOrientations_iPad = "UIInterfaceOrientationPortrait UIInterfaceOrientationPortraitUpsideDown UIInterfaceOrientationLandscapeLeft UIInterfaceOrientationLandscapeRight";
				INFOPLIST_KEY_UISupportedInterfaceOrientations_iPhone = "UIInterfaceOrientationPortrait UIInterfaceOrientationLandscapeLeft UIInterfaceOrientationLandscapeRight";
				LD_RUNPATH_SEARCH_PATHS = (
					"$(inherited)",
					"@executable_path/Frameworks",
				);
				MARKETING_VERSION = 1.0;
				PRODUCT_BUNDLE_IDENTIFIER = com.harauma.TodoSharing;
				PRODUCT_NAME = "$(TARGET_NAME)";
				SWIFT_EMIT_LOC_STRINGS = YES;
				SWIFT_VERSION = 5.0;
				TARGETED_DEVICE_FAMILY = "1,2";
			};
			name = Debug;
		};
		1A2B4294276566C100BA91F1 /* Release */ = {
			isa = XCBuildConfiguration;
			baseConfigurationReference = 34760E56978AC65312C800C1 /* Pods-TodoSharing.release.xcconfig */;
			buildSettings = {
				ASSETCATALOG_COMPILER_APPICON_NAME = AppIcon;
				ASSETCATALOG_COMPILER_GLOBAL_ACCENT_COLOR_NAME = AccentColor;
				CODE_SIGN_STYLE = Automatic;
				CURRENT_PROJECT_VERSION = 1;
				DEVELOPMENT_TEAM = ATXD4M2CY3;
				GENERATE_INFOPLIST_FILE = YES;
				INFOPLIST_FILE = TodoSharing/Info.plist;
				INFOPLIST_KEY_UIApplicationSupportsIndirectInputEvents = YES;
				INFOPLIST_KEY_UILaunchStoryboardName = LaunchScreen;
				INFOPLIST_KEY_UIMainStoryboardFile = Main;
				INFOPLIST_KEY_UISupportedInterfaceOrientations_iPad = "UIInterfaceOrientationPortrait UIInterfaceOrientationPortraitUpsideDown UIInterfaceOrientationLandscapeLeft UIInterfaceOrientationLandscapeRight";
				INFOPLIST_KEY_UISupportedInterfaceOrientations_iPhone = "UIInterfaceOrientationPortrait UIInterfaceOrientationLandscapeLeft UIInterfaceOrientationLandscapeRight";
				LD_RUNPATH_SEARCH_PATHS = (
					"$(inherited)",
					"@executable_path/Frameworks",
				);
				MARKETING_VERSION = 1.0;
				PRODUCT_BUNDLE_IDENTIFIER = com.harauma.TodoSharing;
				PRODUCT_NAME = "$(TARGET_NAME)";
				SWIFT_EMIT_LOC_STRINGS = YES;
				SWIFT_VERSION = 5.0;
				TARGETED_DEVICE_FAMILY = "1,2";
			};
			name = Release;
		};
		1A2B4296276566C100BA91F1 /* Debug */ = {
			isa = XCBuildConfiguration;
			baseConfigurationReference = 3297D4D8F7A0A350C4B72576 /* Pods-TodoSharingTests.debug.xcconfig */;
			buildSettings = {
				ALWAYS_EMBED_SWIFT_STANDARD_LIBRARIES = YES;
				BUNDLE_LOADER = "$(TEST_HOST)";
				CODE_SIGN_STYLE = Automatic;
				CURRENT_PROJECT_VERSION = 1;
				DEVELOPMENT_TEAM = ATXD4M2CY3;
				GENERATE_INFOPLIST_FILE = YES;
				IPHONEOS_DEPLOYMENT_TARGET = 15.0;
				LD_RUNPATH_SEARCH_PATHS = (
					"$(inherited)",
					"@executable_path/Frameworks",
					"@loader_path/Frameworks",
				);
				MARKETING_VERSION = 1.0;
				PRODUCT_BUNDLE_IDENTIFIER = com.harauma.TodoSharingTests;
				PRODUCT_NAME = "$(TARGET_NAME)";
				SWIFT_EMIT_LOC_STRINGS = NO;
				SWIFT_VERSION = 5.0;
				TARGETED_DEVICE_FAMILY = "1,2";
				TEST_HOST = "$(BUILT_PRODUCTS_DIR)/TodoSharing.app/TodoSharing";
			};
			name = Debug;
		};
		1A2B4297276566C100BA91F1 /* Release */ = {
			isa = XCBuildConfiguration;
			baseConfigurationReference = F53FEB7453928537828621DF /* Pods-TodoSharingTests.release.xcconfig */;
			buildSettings = {
				ALWAYS_EMBED_SWIFT_STANDARD_LIBRARIES = YES;
				BUNDLE_LOADER = "$(TEST_HOST)";
				CODE_SIGN_STYLE = Automatic;
				CURRENT_PROJECT_VERSION = 1;
				DEVELOPMENT_TEAM = ATXD4M2CY3;
				GENERATE_INFOPLIST_FILE = YES;
				IPHONEOS_DEPLOYMENT_TARGET = 15.0;
				LD_RUNPATH_SEARCH_PATHS = (
					"$(inherited)",
					"@executable_path/Frameworks",
					"@loader_path/Frameworks",
				);
				MARKETING_VERSION = 1.0;
				PRODUCT_BUNDLE_IDENTIFIER = com.harauma.TodoSharingTests;
				PRODUCT_NAME = "$(TARGET_NAME)";
				SWIFT_EMIT_LOC_STRINGS = NO;
				SWIFT_VERSION = 5.0;
				TARGETED_DEVICE_FAMILY = "1,2";
				TEST_HOST = "$(BUILT_PRODUCTS_DIR)/TodoSharing.app/TodoSharing";
			};
			name = Release;
		};
		1A2B4299276566C100BA91F1 /* Debug */ = {
			isa = XCBuildConfiguration;
			baseConfigurationReference = B96D8594A508F1558735AAD7 /* Pods-TodoSharing-TodoSharingUITests.debug.xcconfig */;
			buildSettings = {
				ALWAYS_EMBED_SWIFT_STANDARD_LIBRARIES = YES;
				CODE_SIGN_STYLE = Automatic;
				CURRENT_PROJECT_VERSION = 1;
				DEVELOPMENT_TEAM = ATXD4M2CY3;
				GENERATE_INFOPLIST_FILE = YES;
				LD_RUNPATH_SEARCH_PATHS = (
					"$(inherited)",
					"@executable_path/Frameworks",
					"@loader_path/Frameworks",
				);
				MARKETING_VERSION = 1.0;
				PRODUCT_BUNDLE_IDENTIFIER = com.harauma.TodoSharingUITests;
				PRODUCT_NAME = "$(TARGET_NAME)";
				SWIFT_EMIT_LOC_STRINGS = NO;
				SWIFT_VERSION = 5.0;
				TARGETED_DEVICE_FAMILY = "1,2";
				TEST_TARGET_NAME = TodoSharing;
			};
			name = Debug;
		};
		1A2B429A276566C100BA91F1 /* Release */ = {
			isa = XCBuildConfiguration;
			baseConfigurationReference = 1CD2D6492D5E8FEB39E6FBBC /* Pods-TodoSharing-TodoSharingUITests.release.xcconfig */;
			buildSettings = {
				ALWAYS_EMBED_SWIFT_STANDARD_LIBRARIES = YES;
				CODE_SIGN_STYLE = Automatic;
				CURRENT_PROJECT_VERSION = 1;
				DEVELOPMENT_TEAM = ATXD4M2CY3;
				GENERATE_INFOPLIST_FILE = YES;
				LD_RUNPATH_SEARCH_PATHS = (
					"$(inherited)",
					"@executable_path/Frameworks",
					"@loader_path/Frameworks",
				);
				MARKETING_VERSION = 1.0;
				PRODUCT_BUNDLE_IDENTIFIER = com.harauma.TodoSharingUITests;
				PRODUCT_NAME = "$(TARGET_NAME)";
				SWIFT_EMIT_LOC_STRINGS = NO;
				SWIFT_VERSION = 5.0;
				TARGETED_DEVICE_FAMILY = "1,2";
				TEST_TARGET_NAME = TodoSharing;
			};
			name = Release;
		};
/* End XCBuildConfiguration section */

/* Begin XCConfigurationList section */
		1A2B4260276566BA00BA91F1 /* Build configuration list for PBXProject "TodoSharing" */ = {
			isa = XCConfigurationList;
			buildConfigurations = (
				1A2B4290276566C100BA91F1 /* Debug */,
				1A2B4291276566C100BA91F1 /* Release */,
			);
			defaultConfigurationIsVisible = 0;
			defaultConfigurationName = Release;
		};
		1A2B4292276566C100BA91F1 /* Build configuration list for PBXNativeTarget "TodoSharing" */ = {
			isa = XCConfigurationList;
			buildConfigurations = (
				1A2B4293276566C100BA91F1 /* Debug */,
				1A2B4294276566C100BA91F1 /* Release */,
			);
			defaultConfigurationIsVisible = 0;
			defaultConfigurationName = Release;
		};
		1A2B4295276566C100BA91F1 /* Build configuration list for PBXNativeTarget "TodoSharingTests" */ = {
			isa = XCConfigurationList;
			buildConfigurations = (
				1A2B4296276566C100BA91F1 /* Debug */,
				1A2B4297276566C100BA91F1 /* Release */,
			);
			defaultConfigurationIsVisible = 0;
			defaultConfigurationName = Release;
		};
		1A2B4298276566C100BA91F1 /* Build configuration list for PBXNativeTarget "TodoSharingUITests" */ = {
			isa = XCConfigurationList;
			buildConfigurations = (
				1A2B4299276566C100BA91F1 /* Debug */,
				1A2B429A276566C100BA91F1 /* Release */,
			);
			defaultConfigurationIsVisible = 0;
			defaultConfigurationName = Release;
		};
/* End XCConfigurationList section */

/* Begin XCVersionGroup section */
		1A2B4271276566BA00BA91F1 /* TodoSharing.xcdatamodeld */ = {
			isa = XCVersionGroup;
			children = (
				1A2B4272276566BA00BA91F1 /* TodoSharing.xcdatamodel */,
			);
			currentVersion = 1A2B4272276566BA00BA91F1 /* TodoSharing.xcdatamodel */;
			path = TodoSharing.xcdatamodeld;
			sourceTree = "<group>";
			versionGroupType = wrapper.xcdatamodel;
		};
/* End XCVersionGroup section */
	};
	rootObject = 1A2B425D276566B900BA91F1 /* Project object */;
}
